
Microsoft Visual Studio Solution File, Format Version 12.00
# Visual Studio Version 17
VisualStudioVersion = 17.14.36623.8
MinimumVisualStudioVersion = 10.0.40219.1
Project("{FAE04EC0-301F-11D3-BF4B-00C04F79EFBC}") = "Sistema.Presentacion", "Sistema.Presentacion\Sistema.Presentacion.csproj", "{5026646B-B809-4FDC-9268-CF920B1ED633}"
EndProject
Project("{FAE04EC0-301F-11D3-BF4B-00C04F79EFBC}") = "Sistema.Negocio", "Sistema.Negocio\Sistema.Negocio.csproj", "{75793C5A-1507-45C9-9043-924AC6EA0E0C}"
EndProject
Project("{FAE04EC0-301F-11D3-BF4B-00C04F79EFBC}") = "Sistema.Datos", "Sistema.Datos\Sistema.Datos.csproj", "{2EDAB901-FD55-4CEB-8AA5-328216EC7547}"
EndProject
Project("{FAE04EC0-301F-11D3-BF4B-00C04F79EFBC}") = "Sistema.Entidades", "Sistema.Entidades\Sistema.Entidades.csproj", "{0670E4A7-C84B-4CF9-94E0-1935C8CC474B}"
EndProject
Global
	GlobalSection(SolutionConfigurationPlatforms) = preSolution
		Debug|Any CPU = Debug|Any CPU
		Release|Any CPU = Release|Any CPU
	EndGlobalSection
	GlobalSection(ProjectConfigurationPlatforms) = postSolution
		{5026646B-B809-4FDC-9268-CF920B1ED633}.Debug|Any CPU.ActiveCfg = Debug|Any CPU
		{5026646B-B809-4FDC-9268-CF920B1ED633}.Debug|Any CPU.Build.0 = Debug|Any CPU
		{5026646B-B809-4FDC-9268-CF920B1ED633}.Release|Any CPU.ActiveCfg = Release|Any CPU
		{5026646B-B809-4FDC-9268-CF920B1ED633}.Release|Any CPU.Build.0 = Release|Any CPU
		{75793C5A-1507-45C9-9043-924AC6EA0E0C}.Debug|Any CPU.ActiveCfg = Debug|Any CPU
		{75793C5A-1507-45C9-9043-924AC6EA0E0C}.Debug|Any CPU.Build.0 = Debug|Any CPU
		{75793C5A-1507-45C9-9043-924AC6EA0E0C}.Release|Any CPU.ActiveCfg = Release|Any CPU
		{75793C5A-1507-45C9-9043-924AC6EA0E0C}.Release|Any CPU.Build.0 = Release|Any CPU
		{2EDAB901-FD55-4CEB-8AA5-328216EC7547}.Debug|Any CPU.ActiveCfg = Debug|Any CPU
		{2EDAB901-FD55-4CEB-8AA5-328216EC7547}.Debug|Any CPU.Build.0 = Debug|Any CPU
		{2EDAB901-FD55-4CEB-8AA5-328216EC7547}.Release|Any CPU.ActiveCfg = Release|Any CPU
		{2EDAB901-FD55-4CEB-8AA5-328216EC7547}.Release|Any CPU.Build.0 = Release|Any CPU
		{0670E4A7-C84B-4CF9-94E0-1935C8CC474B}.Debug|Any CPU.ActiveCfg = Debug|Any CPU
		{0670E4A7-C84B-4CF9-94E0-1935C8CC474B}.Debug|Any CPU.Build.0 = Debug|Any CPU
		{0670E4A7-C84B-4CF9-94E0-1935C8CC474B}.Release|Any CPU.ActiveCfg = Release|Any CPU
		{0670E4A7-C84B-4CF9-94E0-1935C8CC474B}.Release|Any CPU.Build.0 = Release|Any CPU
	EndGlobalSection
	GlobalSection(SolutionProperties) = preSolution
		HideSolutionNode = FALSE
	EndGlobalSection
	GlobalSection(ExtensibilityGlobals) = postSolution
		SolutionGuid = {DD469FDA-301C-45F4-B3F7-93B47EAD7C03}
	EndGlobalSection
EndGlobal
